PODS:
  - AFNetworking (2.6.3):
    - AFNetworking/NSURLConnection (= 2.6.3)
    - AFNetworking/NSURLSession (= 2.6.3)
    - AFNetworking/Reachability (= 2.6.3)
    - AFNetworking/Security (= 2.6.3)
    - AFNetworking/Serialization (= 2.6.3)
    - AFNetworking/UIKit (= 2.6.3)
  - AFNetworking/NSURLConnection (2.6.3):
    - AFNetworking/Reachability
    - AFNetworking/Security
    - AFNetworking/Serialization
  - AFNetworking/NSURLSession (2.6.3):
    - AFNetworking/Reachability
    - AFNetworking/Security
    - AFNetworking/Serialization
  - AFNetworking/Reachability (2.6.3)
  - AFNetworking/Security (2.6.3)
  - AFNetworking/Serialization (2.6.3)
  - AFNetworking/UIKit (2.6.3):
    - AFNetworking/NSURLConnection
    - AFNetworking/NSURLSession
  - BDBOAuth1Manager (1.6.0):
    - AFNetworking/NSURLConnection (~> 2.6.0)
    - AFNetworking/NSURLSession (~> 2.6.0)
  - Bolts/Tasks (1.5.0)
  - DRPageScrollView (1.0.0)
  - GoogleMaps (1.11.0)
  - Parse (1.9.1):
    - Bolts/Tasks (>= 1.4.0)
  - SSMaterialCalendarPicker (1.1.2)

DEPENDENCIES:
  - AFNetworking
  - BDBOAuth1Manager
  - DRPageScrollView
  - GoogleMaps
  - Parse
  - SSMaterialCalendarPicker

SPEC CHECKSUMS:
  AFNetworking: cb8d14a848e831097108418f5d49217339d4eb60
  BDBOAuth1Manager: cd5a5872f355ca38180d52ca2dd844f0b0c84797
  Bolts: 722ab9a4f8b50fc4ed1b9998a5a7a2b3f16d80b4
  DRPageScrollView: 141e79e419ee420a5699fa8a269ccb3fd09ee0cd
  GoogleMaps: 272cf7e7b8aacf4319eac47d57f3b7d142c0826a
  Parse: 54a965c8c19a6dde90284ab654dbcc77ef8c001b
  SSMaterialCalendarPicker: 02334afaeb82f540bb1d3b1590992c0c27441ed0

COCOAPODS: 0.39.0
