// !$*UTF8*$!
{
	archiveVersion = 1;
	classes = {
	};
	objectVersion = 46;
	objects = {

/* Begin PBXBuildFile section */
		0275ACB41C10222B002046E1 /* DatePickerCell.m in Sources */ = {isa = PBXBuildFile; fileRef = 0275ACB21C10222B002046E1 /* DatePickerCell.m */; };
		0275ACB51C10222B002046E1 /* DatePickerCell.xib in Resources */ = {isa = PBXBuildFile; fileRef = 0275ACB31C10222B002046E1 /* DatePickerCell.xib */; };
		0275ACB91C1539AF002046E1 /* MenuCell.m in Sources */ = {isa = PBXBuildFile; fileRef = 0275ACB71C1539AF002046E1 /* MenuCell.m */; };
		0275ACBA1C1539AF002046E1 /* MenuCell.xib in Resources */ = {isa = PBXBuildFile; fileRef = 0275ACB81C1539AF002046E1 /* MenuCell.xib */; };
		0275ACBC1C167AE0002046E1 /* FBSDKLoginKit.framework in Frameworks */ = {isa = PBXBuildFile; fileRef = 0275ACBB1C167AE0002046E1 /* FBSDKLoginKit.framework */; };
		0275ACC21C167B74002046E1 /* FBSDKCoreKit.framework in Frameworks */ = {isa = PBXBuildFile; fileRef = 0275ACC11C167B74002046E1 /* FBSDKCoreKit.framework */; };
		0275ACC61C16BE44002046E1 /* UserProfileCell.m in Sources */ = {isa = PBXBuildFile; fileRef = 0275ACC41C16BE44002046E1 /* UserProfileCell.m */; };
		0275ACC71C16BE44002046E1 /* UserProfileCell.xib in Resources */ = {isa = PBXBuildFile; fileRef = 0275ACC51C16BE44002046E1 /* UserProfileCell.xib */; };
		02EB00131BFEA28500B81A53 /* Constants.m in Sources */ = {isa = PBXBuildFile; fileRef = 02EB00121BFEA28500B81A53 /* Constants.m */; };
		02EB002B1C04072E00B81A53 /* StayPlaceCell.m in Sources */ = {isa = PBXBuildFile; fileRef = 02EB00291C04072E00B81A53 /* StayPlaceCell.m */; };
		02EB002C1C04072E00B81A53 /* StayPlaceCell.xib in Resources */ = {isa = PBXBuildFile; fileRef = 02EB002A1C04072E00B81A53 /* StayPlaceCell.xib */; };
		02EB00301C04080B00B81A53 /* StartTimeCell.m in Sources */ = {isa = PBXBuildFile; fileRef = 02EB002E1C04080B00B81A53 /* StartTimeCell.m */; };
		02EB00311C04080B00B81A53 /* StartTimeCell.xib in Resources */ = {isa = PBXBuildFile; fileRef = 02EB002F1C04080B00B81A53 /* StartTimeCell.xib */; };
		02EBFFB71BFCF18E00B81A53 /* main.m in Sources */ = {isa = PBXBuildFile; fileRef = 02EBFFB61BFCF18E00B81A53 /* main.m */; };
		02EBFFBA1BFCF18E00B81A53 /* AppDelegate.m in Sources */ = {isa = PBXBuildFile; fileRef = 02EBFFB91BFCF18E00B81A53 /* AppDelegate.m */; };
		02EBFFC01BFCF18E00B81A53 /* Main.storyboard in Resources */ = {isa = PBXBuildFile; fileRef = 02EBFFBE1BFCF18E00B81A53 /* Main.storyboard */; };
		02EBFFC21BFCF18E00B81A53 /* Assets.xcassets in Resources */ = {isa = PBXBuildFile; fileRef = 02EBFFC11BFCF18E00B81A53 /* Assets.xcassets */; };
		02EBFFC51BFCF18E00B81A53 /* LaunchScreen.storyboard in Resources */ = {isa = PBXBuildFile; fileRef = 02EBFFC31BFCF18E00B81A53 /* LaunchScreen.storyboard */; };
		02EBFFD01BFCF83100B81A53 /* HomeViewController.m in Sources */ = {isa = PBXBuildFile; fileRef = 02EBFFCE1BFCF83100B81A53 /* HomeViewController.m */; };
		02EBFFD11BFCF83100B81A53 /* HomeViewController.xib in Resources */ = {isa = PBXBuildFile; fileRef = 02EBFFCF1BFCF83100B81A53 /* HomeViewController.xib */; };
		02EBFFD51BFD54AC00B81A53 /* LoginViewController.m in Sources */ = {isa = PBXBuildFile; fileRef = 02EBFFD31BFD54AC00B81A53 /* LoginViewController.m */; };
		02EBFFD61BFD54AC00B81A53 /* LoginViewController.xib in Resources */ = {isa = PBXBuildFile; fileRef = 02EBFFD41BFD54AC00B81A53 /* LoginViewController.xib */; };
		02EBFFE11BFD911900B81A53 /* SignupViewController.m in Sources */ = {isa = PBXBuildFile; fileRef = 02EBFFDF1BFD911900B81A53 /* SignupViewController.m */; };
		02EBFFE21BFD911900B81A53 /* SignupViewController.xib in Resources */ = {isa = PBXBuildFile; fileRef = 02EBFFE01BFD911900B81A53 /* SignupViewController.xib */; };
		02EBFFE61BFDA9C100B81A53 /* User.m in Sources */ = {isa = PBXBuildFile; fileRef = 02EBFFE51BFDA9C100B81A53 /* User.m */; };
		23B4C287AE5E146B9BC5D53A /* libPods-roadie.a in Frameworks */ = {isa = PBXBuildFile; fileRef = 5ED29B5D9F0CE02497D50DB7 /* libPods-roadie.a */; };
		831531AF1C07B55D0038F6CD /* TripCell.m in Sources */ = {isa = PBXBuildFile; fileRef = 831531AD1C07B55D0038F6CD /* TripCell.m */; };
		831531B01C07B55D0038F6CD /* TripCell.xib in Resources */ = {isa = PBXBuildFile; fileRef = 831531AE1C07B55D0038F6CD /* TripCell.xib */; };
		831531B91C07BFAA0038F6CD /* TripDetailController.m in Sources */ = {isa = PBXBuildFile; fileRef = 831531B71C07BFAA0038F6CD /* TripDetailController.m */; };
		831531BA1C07BFAA0038F6CD /* TripDetailController.xib in Resources */ = {isa = PBXBuildFile; fileRef = 831531B81C07BFAA0038F6CD /* TripDetailController.xib */; };
		831531BD1C0813D30038F6CD /* TripUnit.m in Sources */ = {isa = PBXBuildFile; fileRef = 831531BC1C0813D30038F6CD /* TripUnit.m */; };
		831531C11C096A790038F6CD /* TripHeaderCell.m in Sources */ = {isa = PBXBuildFile; fileRef = 831531BF1C096A790038F6CD /* TripHeaderCell.m */; };
		831531C21C096A790038F6CD /* TripHeaderCell.xib in Resources */ = {isa = PBXBuildFile; fileRef = 831531C01C096A790038F6CD /* TripHeaderCell.xib */; };
		831531C61C097FE90038F6CD /* HotelDetailController.m in Sources */ = {isa = PBXBuildFile; fileRef = 831531C41C097FE90038F6CD /* HotelDetailController.m */; };
		831531C71C097FE90038F6CD /* HotelDetailController.xib in Resources */ = {isa = PBXBuildFile; fileRef = 831531C51C097FE90038F6CD /* HotelDetailController.xib */; };
		8374FB001C02D87600E58895 /* HamburgerViewController.m in Sources */ = {isa = PBXBuildFile; fileRef = 8374FAFE1C02D87600E58895 /* HamburgerViewController.m */; };
		8374FB011C02D87600E58895 /* HamburgerViewController.xib in Resources */ = {isa = PBXBuildFile; fileRef = 8374FAFF1C02D87600E58895 /* HamburgerViewController.xib */; };
		8374FB051C02D8A300E58895 /* MenuViewController.m in Sources */ = {isa = PBXBuildFile; fileRef = 8374FB031C02D8A300E58895 /* MenuViewController.m */; };
		8374FB061C02D8A300E58895 /* MenuViewController.xib in Resources */ = {isa = PBXBuildFile; fileRef = 8374FB041C02D8A300E58895 /* MenuViewController.xib */; };
		8374FB0A1C02D8F700E58895 /* RedViewController.m in Sources */ = {isa = PBXBuildFile; fileRef = 8374FB081C02D8F700E58895 /* RedViewController.m */; };
		8374FB0B1C02D8F700E58895 /* RedViewController.xib in Resources */ = {isa = PBXBuildFile; fileRef = 8374FB091C02D8F700E58895 /* RedViewController.xib */; };
		8374FB0F1C02D93200E58895 /* DataInputViewController.m in Sources */ = {isa = PBXBuildFile; fileRef = 8374FB0D1C02D93200E58895 /* DataInputViewController.m */; };
		8374FB101C02D93200E58895 /* DataInputViewController.xib in Resources */ = {isa = PBXBuildFile; fileRef = 8374FB0E1C02D93200E58895 /* DataInputViewController.xib */; };
		83ECDF281C117964000CC94D /* Trip.m in Sources */ = {isa = PBXBuildFile; fileRef = 83ECDF271C117964000CC94D /* Trip.m */; };
		C7BFDCF91C14F8B500B5C612 /* City.m in Sources */ = {isa = PBXBuildFile; fileRef = C7BFDCF81C14F8B500B5C612 /* City.m */; };
		C7BFDCFC1C15122900B5C612 /* UICityButton.m in Sources */ = {isa = PBXBuildFile; fileRef = C7BFDCFB1C15122900B5C612 /* UICityButton.m */; };
		C7E456811C0ED1E800338003 /* MDDirectionService.m in Sources */ = {isa = PBXBuildFile; fileRef = C7E456801C0ED1E800338003 /* MDDirectionService.m */; };
		C7F140251C02EACB00FBC0ED /* SearchResultViewController.m in Sources */ = {isa = PBXBuildFile; fileRef = C7F140231C02EACB00FBC0ED /* SearchResultViewController.m */; };
		C7F140261C02EACB00FBC0ED /* SearchResultViewController.xib in Resources */ = {isa = PBXBuildFile; fileRef = C7F140241C02EACB00FBC0ED /* SearchResultViewController.xib */; };
		C7F1402B1C02F6F200FBC0ED /* HotelViewCell.m in Sources */ = {isa = PBXBuildFile; fileRef = C7F140291C02F6F200FBC0ED /* HotelViewCell.m */; };
		C7F1402C1C02F6F200FBC0ED /* HotelViewCell.xib in Resources */ = {isa = PBXBuildFile; fileRef = C7F1402A1C02F6F200FBC0ED /* HotelViewCell.xib */; };
		C7F1402F1C02FB2D00FBC0ED /* Hotel.m in Sources */ = {isa = PBXBuildFile; fileRef = C7F1402E1C02FB2D00FBC0ED /* Hotel.m */; };
/* End PBXBuildFile section */

/* Begin PBXFileReference section */
		0275ACB11C10222B002046E1 /* DatePickerCell.h */ = {isa = PBXFileReference; fileEncoding = 4; lastKnownFileType = sourcecode.c.h; path = DatePickerCell.h; sourceTree = "<group>"; };
		0275ACB21C10222B002046E1 /* DatePickerCell.m */ = {isa = PBXFileReference; fileEncoding = 4; lastKnownFileType = sourcecode.c.objc; path = DatePickerCell.m; sourceTree = "<group>"; };
		0275ACB31C10222B002046E1 /* DatePickerCell.xib */ = {isa = PBXFileReference; fileEncoding = 4; lastKnownFileType = file.xib; path = DatePickerCell.xib; sourceTree = "<group>"; };
		0275ACB61C1539AF002046E1 /* MenuCell.h */ = {isa = PBXFileReference; fileEncoding = 4; lastKnownFileType = sourcecode.c.h; path = MenuCell.h; sourceTree = "<group>"; };
		0275ACB71C1539AF002046E1 /* MenuCell.m */ = {isa = PBXFileReference; fileEncoding = 4; lastKnownFileType = sourcecode.c.objc; path = MenuCell.m; sourceTree = "<group>"; };
		0275ACB81C1539AF002046E1 /* MenuCell.xib */ = {isa = PBXFileReference; fileEncoding = 4; lastKnownFileType = file.xib; path = MenuCell.xib; sourceTree = "<group>"; };
		0275ACBB1C167AE0002046E1 /* FBSDKLoginKit.framework */ = {isa = PBXFileReference; lastKnownFileType = wrapper.framework; path = FBSDKLoginKit.framework; sourceTree = "<group>"; };
		0275ACC11C167B74002046E1 /* FBSDKCoreKit.framework */ = {isa = PBXFileReference; lastKnownFileType = wrapper.framework; path = FBSDKCoreKit.framework; sourceTree = "<group>"; };
		0275ACC31C16BE44002046E1 /* UserProfileCell.h */ = {isa = PBXFileReference; fileEncoding = 4; lastKnownFileType = sourcecode.c.h; path = UserProfileCell.h; sourceTree = "<group>"; };
		0275ACC41C16BE44002046E1 /* UserProfileCell.m */ = {isa = PBXFileReference; fileEncoding = 4; lastKnownFileType = sourcecode.c.objc; path = UserProfileCell.m; sourceTree = "<group>"; };
		0275ACC51C16BE44002046E1 /* UserProfileCell.xib */ = {isa = PBXFileReference; fileEncoding = 4; lastKnownFileType = file.xib; path = UserProfileCell.xib; sourceTree = "<group>"; };
		02EB00111BFEA28500B81A53 /* Constants.h */ = {isa = PBXFileReference; fileEncoding = 4; lastKnownFileType = sourcecode.c.h; path = Constants.h; sourceTree = "<group>"; };
		02EB00121BFEA28500B81A53 /* Constants.m */ = {isa = PBXFileReference; fileEncoding = 4; lastKnownFileType = sourcecode.c.objc; path = Constants.m; sourceTree = "<group>"; };
		02EB00281C04072E00B81A53 /* StayPlaceCell.h */ = {isa = PBXFileReference; fileEncoding = 4; lastKnownFileType = sourcecode.c.h; path = StayPlaceCell.h; sourceTree = "<group>"; };
		02EB00291C04072E00B81A53 /* StayPlaceCell.m */ = {isa = PBXFileReference; fileEncoding = 4; lastKnownFileType = sourcecode.c.objc; path = StayPlaceCell.m; sourceTree = "<group>"; };
		02EB002A1C04072E00B81A53 /* StayPlaceCell.xib */ = {isa = PBXFileReference; fileEncoding = 4; lastKnownFileType = file.xib; path = StayPlaceCell.xib; sourceTree = "<group>"; };
		02EB002D1C04080B00B81A53 /* StartTimeCell.h */ = {isa = PBXFileReference; fileEncoding = 4; lastKnownFileType = sourcecode.c.h; path = StartTimeCell.h; sourceTree = "<group>"; };
		02EB002E1C04080B00B81A53 /* StartTimeCell.m */ = {isa = PBXFileReference; fileEncoding = 4; lastKnownFileType = sourcecode.c.objc; path = StartTimeCell.m; sourceTree = "<group>"; };
		02EB002F1C04080B00B81A53 /* StartTimeCell.xib */ = {isa = PBXFileReference; fileEncoding = 4; lastKnownFileType = file.xib; path = StartTimeCell.xib; sourceTree = "<group>"; };
		02EBFFB21BFCF18E00B81A53 /* roadie.app */ = {isa = PBXFileReference; explicitFileType = wrapper.application; includeInIndex = 0; path = roadie.app; sourceTree = BUILT_PRODUCTS_DIR; };
		02EBFFB61BFCF18E00B81A53 /* main.m */ = {isa = PBXFileReference; lastKnownFileType = sourcecode.c.objc; path = main.m; sourceTree = "<group>"; };
		02EBFFB81BFCF18E00B81A53 /* AppDelegate.h */ = {isa = PBXFileReference; lastKnownFileType = sourcecode.c.h; path = AppDelegate.h; sourceTree = "<group>"; };
		02EBFFB91BFCF18E00B81A53 /* AppDelegate.m */ = {isa = PBXFileReference; lastKnownFileType = sourcecode.c.objc; path = AppDelegate.m; sourceTree = "<group>"; };
		02EBFFBF1BFCF18E00B81A53 /* Base */ = {isa = PBXFileReference; lastKnownFileType = file.storyboard; name = Base; path = Base.lproj/Main.storyboard; sourceTree = "<group>"; };
		02EBFFC11BFCF18E00B81A53 /* Assets.xcassets */ = {isa = PBXFileReference; lastKnownFileType = folder.assetcatalog; path = Assets.xcassets; sourceTree = "<group>"; };
		02EBFFC41BFCF18E00B81A53 /* Base */ = {isa = PBXFileReference; lastKnownFileType = file.storyboard; name = Base; path = Base.lproj/LaunchScreen.storyboard; sourceTree = "<group>"; };
		02EBFFC61BFCF18E00B81A53 /* Info.plist */ = {isa = PBXFileReference; lastKnownFileType = text.plist.xml; path = Info.plist; sourceTree = "<group>"; };
		02EBFFCD1BFCF83100B81A53 /* HomeViewController.h */ = {isa = PBXFileReference; fileEncoding = 4; lastKnownFileType = sourcecode.c.h; path = HomeViewController.h; sourceTree = "<group>"; };
		02EBFFCE1BFCF83100B81A53 /* HomeViewController.m */ = {isa = PBXFileReference; fileEncoding = 4; lastKnownFileType = sourcecode.c.objc; path = HomeViewController.m; sourceTree = "<group>"; };
		02EBFFCF1BFCF83100B81A53 /* HomeViewController.xib */ = {isa = PBXFileReference; fileEncoding = 4; lastKnownFileType = file.xib; path = HomeViewController.xib; sourceTree = "<group>"; };
		02EBFFD21BFD54AC00B81A53 /* LoginViewController.h */ = {isa = PBXFileReference; fileEncoding = 4; lastKnownFileType = sourcecode.c.h; path = LoginViewController.h; sourceTree = "<group>"; };
		02EBFFD31BFD54AC00B81A53 /* LoginViewController.m */ = {isa = PBXFileReference; fileEncoding = 4; lastKnownFileType = sourcecode.c.objc; path = LoginViewController.m; sourceTree = "<group>"; };
		02EBFFD41BFD54AC00B81A53 /* LoginViewController.xib */ = {isa = PBXFileReference; fileEncoding = 4; lastKnownFileType = file.xib; path = LoginViewController.xib; sourceTree = "<group>"; };
		02EBFFDE1BFD911900B81A53 /* SignupViewController.h */ = {isa = PBXFileReference; fileEncoding = 4; lastKnownFileType = sourcecode.c.h; path = SignupViewController.h; sourceTree = "<group>"; };
		02EBFFDF1BFD911900B81A53 /* SignupViewController.m */ = {isa = PBXFileReference; fileEncoding = 4; lastKnownFileType = sourcecode.c.objc; path = SignupViewController.m; sourceTree = "<group>"; };
		02EBFFE01BFD911900B81A53 /* SignupViewController.xib */ = {isa = PBXFileReference; fileEncoding = 4; lastKnownFileType = file.xib; path = SignupViewController.xib; sourceTree = "<group>"; };
		02EBFFE41BFDA9C100B81A53 /* User.h */ = {isa = PBXFileReference; fileEncoding = 4; lastKnownFileType = sourcecode.c.h; path = User.h; sourceTree = "<group>"; };
		02EBFFE51BFDA9C100B81A53 /* User.m */ = {isa = PBXFileReference; fileEncoding = 4; lastKnownFileType = sourcecode.c.objc; path = User.m; sourceTree = "<group>"; };
		0905DEE4C4454E00584AADB0 /* Pods-roadie.release.xcconfig */ = {isa = PBXFileReference; includeInIndex = 1; lastKnownFileType = text.xcconfig; name = "Pods-roadie.release.xcconfig"; path = "Pods/Target Support Files/Pods-roadie/Pods-roadie.release.xcconfig"; sourceTree = "<group>"; };
		5ED29B5D9F0CE02497D50DB7 /* libPods-roadie.a */ = {isa = PBXFileReference; explicitFileType = archive.ar; includeInIndex = 0; path = "libPods-roadie.a"; sourceTree = BUILT_PRODUCTS_DIR; };
		7DB7A208CD0EBCB44AC52F59 /* Pods-roadie.debug.xcconfig */ = {isa = PBXFileReference; includeInIndex = 1; lastKnownFileType = text.xcconfig; name = "Pods-roadie.debug.xcconfig"; path = "Pods/Target Support Files/Pods-roadie/Pods-roadie.debug.xcconfig"; sourceTree = "<group>"; };
		831531AC1C07B55D0038F6CD /* TripCell.h */ = {isa = PBXFileReference; fileEncoding = 4; lastKnownFileType = sourcecode.c.h; path = TripCell.h; sourceTree = "<group>"; };
		831531AD1C07B55D0038F6CD /* TripCell.m */ = {isa = PBXFileReference; fileEncoding = 4; lastKnownFileType = sourcecode.c.objc; path = TripCell.m; sourceTree = "<group>"; };
		831531AE1C07B55D0038F6CD /* TripCell.xib */ = {isa = PBXFileReference; fileEncoding = 4; lastKnownFileType = file.xib; path = TripCell.xib; sourceTree = "<group>"; };
		831531B61C07BFAA0038F6CD /* TripDetailController.h */ = {isa = PBXFileReference; fileEncoding = 4; lastKnownFileType = sourcecode.c.h; path = TripDetailController.h; sourceTree = "<group>"; };
		831531B71C07BFAA0038F6CD /* TripDetailController.m */ = {isa = PBXFileReference; fileEncoding = 4; lastKnownFileType = sourcecode.c.objc; path = TripDetailController.m; sourceTree = "<group>"; };
		831531B81C07BFAA0038F6CD /* TripDetailController.xib */ = {isa = PBXFileReference; fileEncoding = 4; lastKnownFileType = file.xib; path = TripDetailController.xib; sourceTree = "<group>"; };
		831531BB1C0813D30038F6CD /* TripUnit.h */ = {isa = PBXFileReference; fileEncoding = 4; lastKnownFileType = sourcecode.c.h; path = TripUnit.h; sourceTree = "<group>"; };
		831531BC1C0813D30038F6CD /* TripUnit.m */ = {isa = PBXFileReference; fileEncoding = 4; lastKnownFileType = sourcecode.c.objc; path = TripUnit.m; sourceTree = "<group>"; };
		831531BE1C096A790038F6CD /* TripHeaderCell.h */ = {isa = PBXFileReference; fileEncoding = 4; lastKnownFileType = sourcecode.c.h; path = TripHeaderCell.h; sourceTree = "<group>"; };
		831531BF1C096A790038F6CD /* TripHeaderCell.m */ = {isa = PBXFileReference; fileEncoding = 4; lastKnownFileType = sourcecode.c.objc; path = TripHeaderCell.m; sourceTree = "<group>"; };
		831531C01C096A790038F6CD /* TripHeaderCell.xib */ = {isa = PBXFileReference; fileEncoding = 4; lastKnownFileType = file.xib; path = TripHeaderCell.xib; sourceTree = "<group>"; };
		831531C31C097FE90038F6CD /* HotelDetailController.h */ = {isa = PBXFileReference; fileEncoding = 4; lastKnownFileType = sourcecode.c.h; path = HotelDetailController.h; sourceTree = "<group>"; };
		831531C41C097FE90038F6CD /* HotelDetailController.m */ = {isa = PBXFileReference; fileEncoding = 4; lastKnownFileType = sourcecode.c.objc; path = HotelDetailController.m; sourceTree = "<group>"; };
		831531C51C097FE90038F6CD /* HotelDetailController.xib */ = {isa = PBXFileReference; fileEncoding = 4; lastKnownFileType = file.xib; path = HotelDetailController.xib; sourceTree = "<group>"; };
		8374FAFD1C02D87600E58895 /* HamburgerViewController.h */ = {isa = PBXFileReference; fileEncoding = 4; lastKnownFileType = sourcecode.c.h; path = HamburgerViewController.h; sourceTree = "<group>"; };
		8374FAFE1C02D87600E58895 /* HamburgerViewController.m */ = {isa = PBXFileReference; fileEncoding = 4; lastKnownFileType = sourcecode.c.objc; path = HamburgerViewController.m; sourceTree = "<group>"; };
		8374FAFF1C02D87600E58895 /* HamburgerViewController.xib */ = {isa = PBXFileReference; fileEncoding = 4; lastKnownFileType = file.xib; path = HamburgerViewController.xib; sourceTree = "<group>"; };
		8374FB021C02D8A300E58895 /* MenuViewController.h */ = {isa = PBXFileReference; fileEncoding = 4; lastKnownFileType = sourcecode.c.h; path = MenuViewController.h; sourceTree = "<group>"; };
		8374FB031C02D8A300E58895 /* MenuViewController.m */ = {isa = PBXFileReference; fileEncoding = 4; lastKnownFileType = sourcecode.c.objc; path = MenuViewController.m; sourceTree = "<group>"; };
		8374FB041C02D8A300E58895 /* MenuViewController.xib */ = {isa = PBXFileReference; fileEncoding = 4; lastKnownFileType = file.xib; path = MenuViewController.xib; sourceTree = "<group>"; };
		8374FB071C02D8F700E58895 /* RedViewController.h */ = {isa = PBXFileReference; fileEncoding = 4; lastKnownFileType = sourcecode.c.h; path = RedViewController.h; sourceTree = "<group>"; };
		8374FB081C02D8F700E58895 /* RedViewController.m */ = {isa = PBXFileReference; fileEncoding = 4; lastKnownFileType = sourcecode.c.objc; path = RedViewController.m; sourceTree = "<group>"; };
		8374FB091C02D8F700E58895 /* RedViewController.xib */ = {isa = PBXFileReference; fileEncoding = 4; lastKnownFileType = file.xib; path = RedViewController.xib; sourceTree = "<group>"; };
		8374FB0C1C02D93200E58895 /* DataInputViewController.h */ = {isa = PBXFileReference; fileEncoding = 4; lastKnownFileType = sourcecode.c.h; path = DataInputViewController.h; sourceTree = "<group>"; };
		8374FB0D1C02D93200E58895 /* DataInputViewController.m */ = {isa = PBXFileReference; fileEncoding = 4; lastKnownFileType = sourcecode.c.objc; path = DataInputViewController.m; sourceTree = "<group>"; };
		8374FB0E1C02D93200E58895 /* DataInputViewController.xib */ = {isa = PBXFileReference; fileEncoding = 4; lastKnownFileType = file.xib; path = DataInputViewController.xib; sourceTree = "<group>"; };
		83ECDF261C117964000CC94D /* Trip.h */ = {isa = PBXFileReference; fileEncoding = 4; lastKnownFileType = sourcecode.c.h; path = Trip.h; sourceTree = "<group>"; };
		83ECDF271C117964000CC94D /* Trip.m */ = {isa = PBXFileReference; fileEncoding = 4; lastKnownFileType = sourcecode.c.objc; path = Trip.m; sourceTree = "<group>"; };
		C7BFDCF71C14F8B500B5C612 /* City.h */ = {isa = PBXFileReference; fileEncoding = 4; lastKnownFileType = sourcecode.c.h; path = City.h; sourceTree = "<group>"; };
		C7BFDCF81C14F8B500B5C612 /* City.m */ = {isa = PBXFileReference; fileEncoding = 4; lastKnownFileType = sourcecode.c.objc; path = City.m; sourceTree = "<group>"; };
		C7BFDCFA1C15122900B5C612 /* UICityButton.h */ = {isa = PBXFileReference; fileEncoding = 4; lastKnownFileType = sourcecode.c.h; path = UICityButton.h; sourceTree = "<group>"; };
		C7BFDCFB1C15122900B5C612 /* UICityButton.m */ = {isa = PBXFileReference; fileEncoding = 4; lastKnownFileType = sourcecode.c.objc; path = UICityButton.m; sourceTree = "<group>"; };
		C7E4567F1C0ED1E800338003 /* MDDirectionService.h */ = {isa = PBXFileReference; fileEncoding = 4; lastKnownFileType = sourcecode.c.h; path = MDDirectionService.h; sourceTree = "<group>"; };
		C7E456801C0ED1E800338003 /* MDDirectionService.m */ = {isa = PBXFileReference; fileEncoding = 4; lastKnownFileType = sourcecode.c.objc; path = MDDirectionService.m; sourceTree = "<group>"; };
		C7F140221C02EACB00FBC0ED /* SearchResultViewController.h */ = {isa = PBXFileReference; fileEncoding = 4; lastKnownFileType = sourcecode.c.h; path = SearchResultViewController.h; sourceTree = "<group>"; };
		C7F140231C02EACB00FBC0ED /* SearchResultViewController.m */ = {isa = PBXFileReference; fileEncoding = 4; lastKnownFileType = sourcecode.c.objc; path = SearchResultViewController.m; sourceTree = "<group>"; };
		C7F140241C02EACB00FBC0ED /* SearchResultViewController.xib */ = {isa = PBXFileReference; fileEncoding = 4; lastKnownFileType = file.xib; path = SearchResultViewController.xib; sourceTree = "<group>"; };
		C7F140281C02F6F200FBC0ED /* HotelViewCell.h */ = {isa = PBXFileReference; fileEncoding = 4; lastKnownFileType = sourcecode.c.h; path = HotelViewCell.h; sourceTree = "<group>"; };
		C7F140291C02F6F200FBC0ED /* HotelViewCell.m */ = {isa = PBXFileReference; fileEncoding = 4; lastKnownFileType = sourcecode.c.objc; path = HotelViewCell.m; sourceTree = "<group>"; };
		C7F1402A1C02F6F200FBC0ED /* HotelViewCell.xib */ = {isa = PBXFileReference; fileEncoding = 4; lastKnownFileType = file.xib; path = HotelViewCell.xib; sourceTree = "<group>"; };
		C7F1402D1C02FB2D00FBC0ED /* Hotel.h */ = {isa = PBXFileReference; fileEncoding = 4; lastKnownFileType = sourcecode.c.h; path = Hotel.h; sourceTree = "<group>"; };
		C7F1402E1C02FB2D00FBC0ED /* Hotel.m */ = {isa = PBXFileReference; fileEncoding = 4; lastKnownFileType = sourcecode.c.objc; path = Hotel.m; sourceTree = "<group>"; };
/* End PBXFileReference section */

/* Begin PBXFrameworksBuildPhase section */
		02EBFFAF1BFCF18E00B81A53 /* Frameworks */ = {
			isa = PBXFrameworksBuildPhase;
			buildActionMask = 2147483647;
			files = (
				0275ACBC1C167AE0002046E1 /* FBSDKLoginKit.framework in Frameworks */,
				0275ACC21C167B74002046E1 /* FBSDKCoreKit.framework in Frameworks */,
				23B4C287AE5E146B9BC5D53A /* libPods-roadie.a in Frameworks */,
			);
			runOnlyForDeploymentPostprocessing = 0;
		};
/* End PBXFrameworksBuildPhase section */

/* Begin PBXGroup section */
		02EB00101BFEA0D500B81A53 /* Constants */ = {
			isa = PBXGroup;
			children = (
				02EB00111BFEA28500B81A53 /* Constants.h */,
				02EB00121BFEA28500B81A53 /* Constants.m */,
			);
			name = Constants;
			sourceTree = "<group>";
		};
		02EBFFA91BFCF18E00B81A53 = {
			isa = PBXGroup;
			children = (
				02EBFFB41BFCF18E00B81A53 /* roadie */,
				02EBFFB31BFCF18E00B81A53 /* Products */,
				F45795AF4C811BD6E3AB6E65 /* Pods */,
				BCD54DD8B8DABAAD3D125FC5 /* Frameworks */,
			);
			sourceTree = "<group>";
		};
		02EBFFB31BFCF18E00B81A53 /* Products */ = {
			isa = PBXGroup;
			children = (
				02EBFFB21BFCF18E00B81A53 /* roadie.app */,
			);
			name = Products;
			sourceTree = "<group>";
		};
		02EBFFB41BFCF18E00B81A53 /* roadie */ = {
			isa = PBXGroup;
			children = (
				C7F140271C02F6B200FBC0ED /* Views */,
				02EB00101BFEA0D500B81A53 /* Constants */,
				02EBFFE71BFDA9DD00B81A53 /* Clients */,
				02EBFFE31BFDA9A000B81A53 /* Models */,
				02EBFFCC1BFCF82000B81A53 /* View Controllers */,
				02EBFFB81BFCF18E00B81A53 /* AppDelegate.h */,
				02EBFFB91BFCF18E00B81A53 /* AppDelegate.m */,
				02EBFFBE1BFCF18E00B81A53 /* Main.storyboard */,
				02EBFFC11BFCF18E00B81A53 /* Assets.xcassets */,
				02EBFFC31BFCF18E00B81A53 /* LaunchScreen.storyboard */,
				02EBFFC61BFCF18E00B81A53 /* Info.plist */,
				02EBFFB51BFCF18E00B81A53 /* Supporting Files */,
			);
			path = roadie;
			sourceTree = "<group>";
		};
		02EBFFB51BFCF18E00B81A53 /* Supporting Files */ = {
			isa = PBXGroup;
			children = (
				02EBFFB61BFCF18E00B81A53 /* main.m */,
			);
			name = "Supporting Files";
			sourceTree = "<group>";
		};
		02EBFFCC1BFCF82000B81A53 /* View Controllers */ = {
			isa = PBXGroup;
			children = (
				8374FB021C02D8A300E58895 /* MenuViewController.h */,
				8374FB031C02D8A300E58895 /* MenuViewController.m */,
				8374FB041C02D8A300E58895 /* MenuViewController.xib */,
				8374FAFD1C02D87600E58895 /* HamburgerViewController.h */,
				8374FAFE1C02D87600E58895 /* HamburgerViewController.m */,
				8374FAFF1C02D87600E58895 /* HamburgerViewController.xib */,
				02EBFFCD1BFCF83100B81A53 /* HomeViewController.h */,
				02EBFFCE1BFCF83100B81A53 /* HomeViewController.m */,
				02EBFFCF1BFCF83100B81A53 /* HomeViewController.xib */,
				02EBFFD21BFD54AC00B81A53 /* LoginViewController.h */,
				02EBFFD31BFD54AC00B81A53 /* LoginViewController.m */,
				02EBFFD41BFD54AC00B81A53 /* LoginViewController.xib */,
				02EBFFDE1BFD911900B81A53 /* SignupViewController.h */,
				02EBFFDF1BFD911900B81A53 /* SignupViewController.m */,
				02EBFFE01BFD911900B81A53 /* SignupViewController.xib */,
				8374FB071C02D8F700E58895 /* RedViewController.h */,
				8374FB081C02D8F700E58895 /* RedViewController.m */,
				8374FB091C02D8F700E58895 /* RedViewController.xib */,
				8374FB0C1C02D93200E58895 /* DataInputViewController.h */,
				8374FB0D1C02D93200E58895 /* DataInputViewController.m */,
				8374FB0E1C02D93200E58895 /* DataInputViewController.xib */,
				C7F140221C02EACB00FBC0ED /* SearchResultViewController.h */,
				C7F140231C02EACB00FBC0ED /* SearchResultViewController.m */,
				C7F140241C02EACB00FBC0ED /* SearchResultViewController.xib */,
				831531B61C07BFAA0038F6CD /* TripDetailController.h */,
				831531B71C07BFAA0038F6CD /* TripDetailController.m */,
				831531B81C07BFAA0038F6CD /* TripDetailController.xib */,
				831531C31C097FE90038F6CD /* HotelDetailController.h */,
				831531C41C097FE90038F6CD /* HotelDetailController.m */,
				831531C51C097FE90038F6CD /* HotelDetailController.xib */,
			);
			name = "View Controllers";
			sourceTree = "<group>";
		};
		02EBFFE31BFDA9A000B81A53 /* Models */ = {
			isa = PBXGroup;
			children = (
				02EBFFE41BFDA9C100B81A53 /* User.h */,
				02EBFFE51BFDA9C100B81A53 /* User.m */,
				C7F1402D1C02FB2D00FBC0ED /* Hotel.h */,
				C7F1402E1C02FB2D00FBC0ED /* Hotel.m */,
				831531BB1C0813D30038F6CD /* TripUnit.h */,
				831531BC1C0813D30038F6CD /* TripUnit.m */,
				83ECDF261C117964000CC94D /* Trip.h */,
				83ECDF271C117964000CC94D /* Trip.m */,
				C7BFDCF71C14F8B500B5C612 /* City.h */,
				C7BFDCF81C14F8B500B5C612 /* City.m */,
			);
			name = Models;
			sourceTree = "<group>";
		};
		02EBFFE71BFDA9DD00B81A53 /* Clients */ = {
			isa = PBXGroup;
			children = (
				C7E4567F1C0ED1E800338003 /* MDDirectionService.h */,
				C7E456801C0ED1E800338003 /* MDDirectionService.m */,
			);
			name = Clients;
			sourceTree = "<group>";
		};
		BCD54DD8B8DABAAD3D125FC5 /* Frameworks */ = {
			isa = PBXGroup;
			children = (
				0275ACC11C167B74002046E1 /* FBSDKCoreKit.framework */,
				0275ACBB1C167AE0002046E1 /* FBSDKLoginKit.framework */,
				5ED29B5D9F0CE02497D50DB7 /* libPods-roadie.a */,
			);
			name = Frameworks;
			sourceTree = "<group>";
		};
		C7F140271C02F6B200FBC0ED /* Views */ = {
			isa = PBXGroup;
			children = (
				C7F140281C02F6F200FBC0ED /* HotelViewCell.h */,
				C7F140291C02F6F200FBC0ED /* HotelViewCell.m */,
				C7F1402A1C02F6F200FBC0ED /* HotelViewCell.xib */,
				02EB00281C04072E00B81A53 /* StayPlaceCell.h */,
				02EB00291C04072E00B81A53 /* StayPlaceCell.m */,
				02EB002A1C04072E00B81A53 /* StayPlaceCell.xib */,
				02EB002D1C04080B00B81A53 /* StartTimeCell.h */,
				02EB002E1C04080B00B81A53 /* StartTimeCell.m */,
				02EB002F1C04080B00B81A53 /* StartTimeCell.xib */,
				831531AC1C07B55D0038F6CD /* TripCell.h */,
				831531AD1C07B55D0038F6CD /* TripCell.m */,
				831531AE1C07B55D0038F6CD /* TripCell.xib */,
				831531BE1C096A790038F6CD /* TripHeaderCell.h */,
				831531BF1C096A790038F6CD /* TripHeaderCell.m */,
				831531C01C096A790038F6CD /* TripHeaderCell.xib */,
				0275ACB11C10222B002046E1 /* DatePickerCell.h */,
				0275ACB21C10222B002046E1 /* DatePickerCell.m */,
				0275ACB31C10222B002046E1 /* DatePickerCell.xib */,
				0275ACB61C1539AF002046E1 /* MenuCell.h */,
				0275ACB71C1539AF002046E1 /* MenuCell.m */,
				0275ACB81C1539AF002046E1 /* MenuCell.xib */,
				C7BFDCFA1C15122900B5C612 /* UICityButton.h */,
				C7BFDCFB1C15122900B5C612 /* UICityButton.m */,
				0275ACC31C16BE44002046E1 /* UserProfileCell.h */,
				0275ACC41C16BE44002046E1 /* UserProfileCell.m */,
				0275ACC51C16BE44002046E1 /* UserProfileCell.xib */,
			);
			name = Views;
			sourceTree = "<group>";
		};
		F45795AF4C811BD6E3AB6E65 /* Pods */ = {
			isa = PBXGroup;
			children = (
				7DB7A208CD0EBCB44AC52F59 /* Pods-roadie.debug.xcconfig */,
				0905DEE4C4454E00584AADB0 /* Pods-roadie.release.xcconfig */,
			);
			name = Pods;
			sourceTree = "<group>";
		};
/* End PBXGroup section */

/* Begin PBXNativeTarget section */
		02EBFFB11BFCF18E00B81A53 /* roadie */ = {
			isa = PBXNativeTarget;
			buildConfigurationList = 02EBFFC91BFCF18E00B81A53 /* Build configuration list for PBXNativeTarget "roadie" */;
			buildPhases = (
				F704CC0758466305D76EF024 /* Check Pods Manifest.lock */,
				02EBFFAE1BFCF18E00B81A53 /* Sources */,
				02EBFFAF1BFCF18E00B81A53 /* Frameworks */,
				02EBFFB01BFCF18E00B81A53 /* Resources */,
				91116902EFFF63180E34F288 /* Embed Pods Frameworks */,
				FA47F68808D73C23874796DF /* Copy Pods Resources */,
			);
			buildRules = (
			);
			dependencies = (
			);
			name = roadie;
			productName = roadie;
			productReference = 02EBFFB21BFCF18E00B81A53 /* roadie.app */;
			productType = "com.apple.product-type.application";
		};
/* End PBXNativeTarget section */

/* Begin PBXProject section */
		02EBFFAA1BFCF18E00B81A53 /* Project object */ = {
			isa = PBXProject;
			attributes = {
				LastUpgradeCheck = 0710;
				ORGANIZATIONNAME = roadie;
				TargetAttributes = {
					02EBFFB11BFCF18E00B81A53 = {
						CreatedOnToolsVersion = 7.1.1;
						DevelopmentTeam = 88Z927TPUG;
					};
				};
			};
			buildConfigurationList = 02EBFFAD1BFCF18E00B81A53 /* Build configuration list for PBXProject "roadie" */;
			compatibilityVersion = "Xcode 3.2";
			developmentRegion = English;
			hasScannedForEncodings = 0;
			knownRegions = (
				en,
				Base,
			);
			mainGroup = 02EBFFA91BFCF18E00B81A53;
			productRefGroup = 02EBFFB31BFCF18E00B81A53 /* Products */;
			projectDirPath = "";
			projectRoot = "";
			targets = (
				02EBFFB11BFCF18E00B81A53 /* roadie */,
			);
		};
/* End PBXProject section */

/* Begin PBXResourcesBuildPhase section */
		02EBFFB01BFCF18E00B81A53 /* Resources */ = {
			isa = PBXResourcesBuildPhase;
			buildActionMask = 2147483647;
			files = (
				8374FB0B1C02D8F700E58895 /* RedViewController.xib in Resources */,
				02EBFFE21BFD911900B81A53 /* SignupViewController.xib in Resources */,
				0275ACBA1C1539AF002046E1 /* MenuCell.xib in Resources */,
				02EB002C1C04072E00B81A53 /* StayPlaceCell.xib in Resources */,
				0275ACC71C16BE44002046E1 /* UserProfileCell.xib in Resources */,
				02EB00311C04080B00B81A53 /* StartTimeCell.xib in Resources */,
				02EBFFD61BFD54AC00B81A53 /* LoginViewController.xib in Resources */,
				8374FB011C02D87600E58895 /* HamburgerViewController.xib in Resources */,
				8374FB061C02D8A300E58895 /* MenuViewController.xib in Resources */,
				C7F1402C1C02F6F200FBC0ED /* HotelViewCell.xib in Resources */,
				02EBFFC51BFCF18E00B81A53 /* LaunchScreen.storyboard in Resources */,
				0275ACB51C10222B002046E1 /* DatePickerCell.xib in Resources */,
				8374FB101C02D93200E58895 /* DataInputViewController.xib in Resources */,
				831531C21C096A790038F6CD /* TripHeaderCell.xib in Resources */,
				831531C71C097FE90038F6CD /* HotelDetailController.xib in Resources */,
				02EBFFC21BFCF18E00B81A53 /* Assets.xcassets in Resources */,
				831531BA1C07BFAA0038F6CD /* TripDetailController.xib in Resources */,
				831531B01C07B55D0038F6CD /* TripCell.xib in Resources */,
				02EBFFC01BFCF18E00B81A53 /* Main.storyboard in Resources */,
				C7F140261C02EACB00FBC0ED /* SearchResultViewController.xib in Resources */,
				02EBFFD11BFCF83100B81A53 /* HomeViewController.xib in Resources */,
			);
			runOnlyForDeploymentPostprocessing = 0;
		};
/* End PBXResourcesBuildPhase section */

/* Begin PBXShellScriptBuildPhase section */
		91116902EFFF63180E34F288 /* Embed Pods Frameworks */ = {
			isa = PBXShellScriptBuildPhase;
			buildActionMask = 2147483647;
			files = (
			);
			inputPaths = (
			);
			name = "Embed Pods Frameworks";
			outputPaths = (
			);
			runOnlyForDeploymentPostprocessing = 0;
			shellPath = /bin/sh;
			shellScript = "\"${SRCROOT}/Pods/Target Support Files/Pods-roadie/Pods-roadie-frameworks.sh\"\n";
			showEnvVarsInLog = 0;
		};
		F704CC0758466305D76EF024 /* Check Pods Manifest.lock */ = {
			isa = PBXShellScriptBuildPhase;
			buildActionMask = 2147483647;
			files = (
			);
			inputPaths = (
			);
			name = "Check Pods Manifest.lock";
			outputPaths = (
			);
			runOnlyForDeploymentPostprocessing = 0;
			shellPath = /bin/sh;
			shellScript = "diff \"${PODS_ROOT}/../Podfile.lock\" \"${PODS_ROOT}/Manifest.lock\" > /dev/null\nif [[ $? != 0 ]] ; then\n    cat << EOM\nerror: The sandbox is not in sync with the Podfile.lock. Run 'pod install' or update your CocoaPods installation.\nEOM\n    exit 1\nfi\n";
			showEnvVarsInLog = 0;
		};
		FA47F68808D73C23874796DF /* Copy Pods Resources */ = {
			isa = PBXShellScriptBuildPhase;
			buildActionMask = 2147483647;
			files = (
			);
			inputPaths = (
			);
			name = "Copy Pods Resources";
			outputPaths = (
			);
			runOnlyForDeploymentPostprocessing = 0;
			shellPath = /bin/sh;
			shellScript = "\"${SRCROOT}/Pods/Target Support Files/Pods-roadie/Pods-roadie-resources.sh\"\n";
			showEnvVarsInLog = 0;
		};
/* End PBXShellScriptBuildPhase section */

/* Begin PBXSourcesBuildPhase section */
		02EBFFAE1BFCF18E00B81A53 /* Sources */ = {
			isa = PBXSourcesBuildPhase;
			buildActionMask = 2147483647;
			files = (
				02EB002B1C04072E00B81A53 /* StayPlaceCell.m in Sources */,
				8374FB001C02D87600E58895 /* HamburgerViewController.m in Sources */,
				831531AF1C07B55D0038F6CD /* TripCell.m in Sources */,
				831531BD1C0813D30038F6CD /* TripUnit.m in Sources */,
				831531C11C096A790038F6CD /* TripHeaderCell.m in Sources */,
				0275ACB41C10222B002046E1 /* DatePickerCell.m in Sources */,
				8374FB051C02D8A300E58895 /* MenuViewController.m in Sources */,
				02EBFFD51BFD54AC00B81A53 /* LoginViewController.m in Sources */,
				83ECDF281C117964000CC94D /* Trip.m in Sources */,
				02EBFFBA1BFCF18E00B81A53 /* AppDelegate.m in Sources */,
				8374FB0A1C02D8F700E58895 /* RedViewController.m in Sources */,
				831531B91C07BFAA0038F6CD /* TripDetailController.m in Sources */,
				0275ACC61C16BE44002046E1 /* UserProfileCell.m in Sources */,
				02EB00301C04080B00B81A53 /* StartTimeCell.m in Sources */,
				C7BFDCF91C14F8B500B5C612 /* City.m in Sources */,
				8374FB0F1C02D93200E58895 /* DataInputViewController.m in Sources */,
				0275ACB91C1539AF002046E1 /* MenuCell.m in Sources */,
				02EBFFE61BFDA9C100B81A53 /* User.m in Sources */,
				02EBFFB71BFCF18E00B81A53 /* main.m in Sources */,
				C7F1402F1C02FB2D00FBC0ED /* Hotel.m in Sources */,
				C7F1402B1C02F6F200FBC0ED /* HotelViewCell.m in Sources */,
				831531C61C097FE90038F6CD /* HotelDetailController.m in Sources */,
				C7BFDCFC1C15122900B5C612 /* UICityButton.m in Sources */,
				C7E456811C0ED1E800338003 /* MDDirectionService.m in Sources */,
				02EBFFD01BFCF83100B81A53 /* HomeViewController.m in Sources */,
				02EB00131BFEA28500B81A53 /* Constants.m in Sources */,
				02EBFFE11BFD911900B81A53 /* SignupViewController.m in Sources */,
				C7F140251C02EACB00FBC0ED /* SearchResultViewController.m in Sources */,
			);
			runOnlyForDeploymentPostprocessing = 0;
		};
/* End PBXSourcesBuildPhase section */

/* Begin PBXVariantGroup section */
		02EBFFBE1BFCF18E00B81A53 /* Main.storyboard */ = {
			isa = PBXVariantGroup;
			children = (
				02EBFFBF1BFCF18E00B81A53 /* Base */,
			);
			name = Main.storyboard;
			sourceTree = "<group>";
		};
		02EBFFC31BFCF18E00B81A53 /* LaunchScreen.storyboard */ = {
			isa = PBXVariantGroup;
			children = (
				02EBFFC41BFCF18E00B81A53 /* Base */,
			);
			name = LaunchScreen.storyboard;
			sourceTree = "<group>";
		};
/* End PBXVariantGroup section */

/* Begin XCBuildConfiguration section */
		02EBFFC71BFCF18E00B81A53 /* Debug */ = {
			isa = XCBuildConfiguration;
			buildSettings = {
				ALWAYS_SEARCH_USER_PATHS = NO;
				CLANG_CXX_LANGUAGE_STANDARD = "gnu++0x";
				CLANG_CXX_LIBRARY = "libc++";
				CLANG_ENABLE_MODULES = YES;
				CLANG_ENABLE_OBJC_ARC = YES;
				CLANG_WARN_BOOL_CONVERSION = YES;
				CLANG_WARN_CONSTANT_CONVERSION = YES;
				CLANG_WARN_DIRECT_OBJC_ISA_USAGE = YES_ERROR;
				CLANG_WARN_EMPTY_BODY = YES;
				CLANG_WARN_ENUM_CONVERSION = YES;
				CLANG_WARN_INT_CONVERSION = YES;
				CLANG_WARN_OBJC_ROOT_CLASS = YES_ERROR;
				CLANG_WARN_UNREACHABLE_CODE = YES;
				CLANG_WARN__DUPLICATE_METHOD_MATCH = YES;
				"CODE_SIGN_IDENTITY[sdk=iphoneos*]" = "iPhone Developer";
				COPY_PHASE_STRIP = NO;
				DEBUG_INFORMATION_FORMAT = dwarf;
				ENABLE_STRICT_OBJC_MSGSEND = YES;
				ENABLE_TESTABILITY = YES;
				GCC_C_LANGUAGE_STANDARD = gnu99;
				GCC_DYNAMIC_NO_PIC = NO;
				GCC_NO_COMMON_BLOCKS = YES;
				GCC_OPTIMIZATION_LEVEL = 0;
				GCC_PREPROCESSOR_DEFINITIONS = (
					"DEBUG=1",
					"$(inherited)",
				);
				GCC_WARN_64_TO_32_BIT_CONVERSION = YES;
				GCC_WARN_ABOUT_RETURN_TYPE = YES_ERROR;
				GCC_WARN_UNDECLARED_SELECTOR = YES;
				GCC_WARN_UNINITIALIZED_AUTOS = YES_AGGRESSIVE;
				GCC_WARN_UNUSED_FUNCTION = YES;
				GCC_WARN_UNUSED_VARIABLE = YES;
				IPHONEOS_DEPLOYMENT_TARGET = 9.1;
				MTL_ENABLE_DEBUG_INFO = YES;
				ONLY_ACTIVE_ARCH = YES;
				SDKROOT = iphoneos;
				TARGETED_DEVICE_FAMILY = "1,2";
			};
			name = Debug;
		};
		02EBFFC81BFCF18E00B81A53 /* Release */ = {
			isa = XCBuildConfiguration;
			buildSettings = {
				ALWAYS_SEARCH_USER_PATHS = NO;
				CLANG_CXX_LANGUAGE_STANDARD = "gnu++0x";
				CLANG_CXX_LIBRARY = "libc++";
				CLANG_ENABLE_MODULES = YES;
				CLANG_ENABLE_OBJC_ARC = YES;
				CLANG_WARN_BOOL_CONVERSION = YES;
				CLANG_WARN_CONSTANT_CONVERSION = YES;
				CLANG_WARN_DIRECT_OBJC_ISA_USAGE = YES_ERROR;
				CLANG_WARN_EMPTY_BODY = YES;
				CLANG_WARN_ENUM_CONVERSION = YES;
				CLANG_WARN_INT_CONVERSION = YES;
				CLANG_WARN_OBJC_ROOT_CLASS = YES_ERROR;
				CLANG_WARN_UNREACHABLE_CODE = YES;
				CLANG_WARN__DUPLICATE_METHOD_MATCH = YES;
				"CODE_SIGN_IDENTITY[sdk=iphoneos*]" = "iPhone Developer";
				COPY_PHASE_STRIP = NO;
				DEBUG_INFORMATION_FORMAT = "dwarf-with-dsym";
				ENABLE_NS_ASSERTIONS = NO;
				ENABLE_STRICT_OBJC_MSGSEND = YES;
				GCC_C_LANGUAGE_STANDARD = gnu99;
				GCC_NO_COMMON_BLOCKS = YES;
				GCC_WARN_64_TO_32_BIT_CONVERSION = YES;
				GCC_WARN_ABOUT_RETURN_TYPE = YES_ERROR;
				GCC_WARN_UNDECLARED_SELECTOR = YES;
				GCC_WARN_UNINITIALIZED_AUTOS = YES_AGGRESSIVE;
				GCC_WARN_UNUSED_FUNCTION = YES;
				GCC_WARN_UNUSED_VARIABLE = YES;
				IPHONEOS_DEPLOYMENT_TARGET = 9.1;
				MTL_ENABLE_DEBUG_INFO = NO;
				SDKROOT = iphoneos;
				TARGETED_DEVICE_FAMILY = "1,2";
				VALIDATE_PRODUCT = YES;
			};
			name = Release;
		};
		02EBFFCA1BFCF18E00B81A53 /* Debug */ = {
			isa = XCBuildConfiguration;
			baseConfigurationReference = 7DB7A208CD0EBCB44AC52F59 /* Pods-roadie.debug.xcconfig */;
			buildSettings = {
				ASSETCATALOG_COMPILER_APPICON_NAME = AppIcon;
				CODE_SIGN_IDENTITY = "iPhone Developer";
				"CODE_SIGN_IDENTITY[sdk=iphoneos*]" = "iPhone Developer";
				FRAMEWORK_SEARCH_PATHS = (
					"$(inherited)",
					"$(PROJECT_DIR)",
				);
				INFOPLIST_FILE = roadie/Info.plist;
				IPHONEOS_DEPLOYMENT_TARGET = 9.0;
				LD_RUNPATH_SEARCH_PATHS = "$(inherited) @executable_path/Frameworks";
				PRODUCT_BUNDLE_IDENTIFIER = com.groupon.roadie;
				PRODUCT_NAME = "$(TARGET_NAME)";
				PROVISIONING_PROFILE = "";
			};
			name = Debug;
		};
		02EBFFCB1BFCF18E00B81A53 /* Release */ = {
			isa = XCBuildConfiguration;
			baseConfigurationReference = 0905DEE4C4454E00584AADB0 /* Pods-roadie.release.xcconfig */;
			buildSettings = {
				ASSETCATALOG_COMPILER_APPICON_NAME = AppIcon;
				CODE_SIGN_IDENTITY = "iPhone Developer";
				"CODE_SIGN_IDENTITY[sdk=iphoneos*]" = "iPhone Developer";
				FRAMEWORK_SEARCH_PATHS = (
					"$(inherited)",
					"$(PROJECT_DIR)",
				);
				INFOPLIST_FILE = roadie/Info.plist;
				IPHONEOS_DEPLOYMENT_TARGET = 9.0;
				LD_RUNPATH_SEARCH_PATHS = "$(inherited) @executable_path/Frameworks";
				PRODUCT_BUNDLE_IDENTIFIER = com.groupon.roadie;
				PRODUCT_NAME = "$(TARGET_NAME)";
				PROVISIONING_PROFILE = "";
			};
			name = Release;
		};
/* End XCBuildConfiguration section */

/* Begin XCConfigurationList section */
		02EBFFAD1BFCF18E00B81A53 /* Build configuration list for PBXProject "roadie" */ = {
			isa = XCConfigurationList;
			buildConfigurations = (
				02EBFFC71BFCF18E00B81A53 /* Debug */,
				02EBFFC81BFCF18E00B81A53 /* Release */,
			);
			defaultConfigurationIsVisible = 0;
			defaultConfigurationName = Release;
		};
		02EBFFC91BFCF18E00B81A53 /* Build configuration list for PBXNativeTarget "roadie" */ = {
			isa = XCConfigurationList;
			buildConfigurations = (
				02EBFFCA1BFCF18E00B81A53 /* Debug */,
				02EBFFCB1BFCF18E00B81A53 /* Release */,
			);
			defaultConfigurationIsVisible = 0;
			defaultConfigurationName = Release;
		};
/* End XCConfigurationList section */
	};
	rootObject = 02EBFFAA1BFCF18E00B81A53 /* Project object */;
}
